
Microsoft Visual Studio Solution File, Format Version 12.00
# Visual Studio 15
Project("{FAE04EC0-301F-11D3-BF4B-00C04F79EFBC}") = "Assembly-CSharp", "Assembly-CSharp.csproj", "{B521A722-D892-6883-40B8-42ADB6FBB1A1}"
EndProject
Project("{FAE04EC0-301F-11D3-BF4B-00C04F79EFBC}") = "Assembly-CSharp-Editor", "Assembly-CSharp-Editor.csproj", "{B3DEAB2A-1E8B-433E-1320-C6551803D7E8}"
EndProject
Global
	GlobalSection(SolutionConfigurationPlatforms) = preSolution
		Debug|Any CPU = Debug|Any CPU
		Release|Any CPU = Release|Any CPU
	EndGlobalSection
	GlobalSection(ProjectConfigurationPlatforms) = postSolution
		{B521A722-D892-6883-40B8-42ADB6FBB1A1}.Debug|Any CPU.ActiveCfg = Debug|Any CPU
		{B521A722-D892-6883-40B8-42ADB6FBB1A1}.Debug|Any CPU.Build.0 = Debug|Any CPU
		{B521A722-D892-6883-40B8-42ADB6FBB1A1}.Release|Any CPU.ActiveCfg = Release|Any CPU
		{B521A722-D892-6883-40B8-42ADB6FBB1A1}.Release|Any CPU.Build.0 = Release|Any CPU
		{B3DEAB2A-1E8B-433E-1320-C6551803D7E8}.Debug|Any CPU.ActiveCfg = Debug|Any CPU
		{B3DEAB2A-1E8B-433E-1320-C6551803D7E8}.Debug|Any CPU.Build.0 = Debug|Any CPU
		{B3DEAB2A-1E8B-433E-1320-C6551803D7E8}.Release|Any CPU.ActiveCfg = Release|Any CPU
		{B3DEAB2A-1E8B-433E-1320-C6551803D7E8}.Release|Any CPU.Build.0 = Release|Any CPU
	EndGlobalSection
	GlobalSection(SolutionProperties) = preSolution
		HideSolutionNode = FALSE
	EndGlobalSection
EndGlobal
